{
  "name": "demo",
  "version": "1.0.0",
  "lockfileVersion": 2,
  "requires": true,
  "packages": {
    "": {
      "name": "demo",
      "version": "1.0.0",
      "license": "ISC",
      "dependencies": {
        "@mpxjs/vuese-markdown-render": "file:../packages/markdown-render",
        "@mpxjs/vuese-parser": "file:../packages/parser",
        "@mpxjs/vuese-website": "file:../packages/website"
      }
    },
    "../packages/markdown-render": {
      "version": "1.0.1",
      "license": "MIT",
      "devDependencies": {
        "@mpxjs/vuese-parser": "^1.0.2"
      }
    },
    "../packages/parser": {
      "version": "1.0.2",
      "license": "MIT",
      "dependencies": {
        "@babel/generator": "7.10.3",
        "@babel/parser": "7.10.3",
        "@babel/traverse": "7.10.3",
        "@babel/types": "7.3.4",
        "typedoc": "^0.25.2",
        "typedoc-plugin-missing-exports": "^2.1.0",
        "vue-template-compiler": "^2.6.11"
      },
      "devDependencies": {
        "typescript": "^5.2.2"
      }
    },
    "../packages/website": {
      "version": "0.0.1",
      "license": "MIT",
      "dependencies": {
        "vitepress": "^1.2.2",
        "vue3": "npm:vue@3"
      },
      "bin": {
        "vuese-website": "bin/init.js"
      }
    },
    "node_modules/@mpxjs/vuese-markdown-render": {
      "resolved": "../packages/markdown-render",
      "link": true
    },
    "node_modules/@mpxjs/vuese-parser": {
      "resolved": "../packages/parser",
      "link": true
    },
    "node_modules/@mpxjs/vuese-website": {
      "resolved": "../packages/website",
      "link": true
    }
  },
  "dependencies": {
    "@mpxjs/vuese-markdown-render": {
      "version": "file:../packages/markdown-render",
      "requires": {
        "@mpxjs/vuese-parser": "^1.0.2"
      }
    },
    "@mpxjs/vuese-parser": {
      "version": "file:../packages/parser",
      "requires": {
        "@babel/generator": "7.10.3",
        "@babel/parser": "7.10.3",
        "@babel/traverse": "7.10.3",
        "@babel/types": "7.3.4",
        "typedoc": "^0.25.2",
        "typedoc-plugin-missing-exports": "^2.1.0",
        "typescript": "^5.2.2",
        "vue-template-compiler": "^2.6.11"
      }
    },
    "@mpxjs/vuese-website": {
      "version": "file:../packages/website",
      "requires": {
        "vitepress": "^1.2.2",
        "vue3": "npm:vue@3"
      }
    }
  }
}
